// !$*UTF8*$!
{
	archiveVersion = 1;
	classes = {
	};
	objectVersion = 56;
	objects = {

/* Begin PBXBuildFile section */
		EF3AD09C2A3C451300FE9764 /* VideoWithAsyncApp.swift in Sources */ = {isa = PBXBuildFile; fileRef = EF3AD09B2A3C451300FE9764 /* VideoWithAsyncApp.swift */; };
		EF3AD09E2A3C451300FE9764 /* ContentView.swift in Sources */ = {isa = PBXBuildFile; fileRef = EF3AD09D2A3C451300FE9764 /* ContentView.swift */; };
		EF3AD0A02A3C451400FE9764 /* Assets.xcassets in Resources */ = {isa = PBXBuildFile; fileRef = EF3AD09F2A3C451400FE9764 /* Assets.xcassets */; };
		EF3AD0A32A3C451400FE9764 /* Preview Assets.xcassets in Resources */ = {isa = PBXBuildFile; fileRef = EF3AD0A22A3C451400FE9764 /* Preview Assets.xcassets */; };
		EF3AD0B22A3C48DD00FE9764 /* ContentViewModel.swift in Sources */ = {isa = PBXBuildFile; fileRef = EF3AD0B12A3C48DD00FE9764 /* ContentViewModel.swift */; };
		EF8ED7ED2A3C5B8E0077A287 /* FirebaseFirestore in Frameworks */ = {isa = PBXBuildFile; productRef = EF8ED7EC2A3C5B8E0077A287 /* FirebaseFirestore */; };
		EF8ED7EF2A3C5B8E0077A287 /* FirebaseFirestoreSwift in Frameworks */ = {isa = PBXBuildFile; productRef = EF8ED7EE2A3C5B8E0077A287 /* FirebaseFirestoreSwift */; };
		EF8ED7F12A3C5B8E0077A287 /* FirebaseStorage in Frameworks */ = {isa = PBXBuildFile; productRef = EF8ED7F02A3C5B8E0077A287 /* FirebaseStorage */; };
		EF8ED7F32A3C5DB00077A287 /* VideoUploader.swift in Sources */ = {isa = PBXBuildFile; fileRef = EF8ED7F22A3C5DB00077A287 /* VideoUploader.swift */; };
		EF8ED7F52A3CC61A0077A287 /* GoogleService-Info.plist in Resources */ = {isa = PBXBuildFile; fileRef = EF8ED7F42A3CC61A0077A287 /* GoogleService-Info.plist */; };
		EF8ED7F72A3CCAED0077A287 /* Video.swift in Sources */ = {isa = PBXBuildFile; fileRef = EF8ED7F62A3CCAED0077A287 /* Video.swift */; };
/* End PBXBuildFile section */

/* Begin PBXFileReference section */
		EF3AD0982A3C451300FE9764 /* VideoWithAsync.app */ = {isa = PBXFileReference; explicitFileType = wrapper.application; includeInIndex = 0; path = VideoWithAsync.app; sourceTree = BUILT_PRODUCTS_DIR; };
		EF3AD09B2A3C451300FE9764 /* VideoWithAsyncApp.swift */ = {isa = PBXFileReference; lastKnownFileType = sourcecode.swift; path = VideoWithAsyncApp.swift; sourceTree = "<group>"; };
		EF3AD09D2A3C451300FE9764 /* ContentView.swift */ = {isa = PBXFileReference; lastKnownFileType = sourcecode.swift; path = ContentView.swift; sourceTree = "<group>"; };
		EF3AD09F2A3C451400FE9764 /* Assets.xcassets */ = {isa = PBXFileReference; lastKnownFileType = folder.assetcatalog; path = Assets.xcassets; sourceTree = "<group>"; };
		EF3AD0A22A3C451400FE9764 /* Preview Assets.xcassets */ = {isa = PBXFileReference; lastKnownFileType = folder.assetcatalog; path = "Preview Assets.xcassets"; sourceTree = "<group>"; };
		EF3AD0B12A3C48DD00FE9764 /* ContentViewModel.swift */ = {isa = PBXFileReference; lastKnownFileType = sourcecode.swift; path = ContentViewModel.swift; sourceTree = "<group>"; };
		EF8ED7F22A3C5DB00077A287 /* VideoUploader.swift */ = {isa = PBXFileReference; lastKnownFileType = sourcecode.swift; path = VideoUploader.swift; sourceTree = "<group>"; };
		EF8ED7F42A3CC61A0077A287 /* GoogleService-Info.plist */ = {isa = PBXFileReference; fileEncoding = 4; lastKnownFileType = text.plist.xml; path = "GoogleService-Info.plist"; sourceTree = "<group>"; };
		EF8ED7F62A3CCAED0077A287 /* Video.swift */ = {isa = PBXFileReference; lastKnownFileType = sourcecode.swift; path = Video.swift; sourceTree = "<group>"; };
/* End PBXFileReference section */

/* Begin PBXFrameworksBuildPhase section */
		EF3AD0952A3C451300FE9764 /* Frameworks */ = {
			isa = PBXFrameworksBuildPhase;
			buildActionMask = 2147483647;
			files = (
				EF8ED7ED2A3C5B8E0077A287 /* FirebaseFirestore in Frameworks */,
				EF8ED7EF2A3C5B8E0077A287 /* FirebaseFirestoreSwift in Frameworks */,
				EF8ED7F12A3C5B8E0077A287 /* FirebaseStorage in Frameworks */,
			);
			runOnlyForDeploymentPostprocessing = 0;
		};
/* End PBXFrameworksBuildPhase section */

/* Begin PBXGroup section */
		EF3AD08F2A3C451300FE9764 = {
			isa = PBXGroup;
			children = (
				EF3AD09A2A3C451300FE9764 /* VideoWithAsync */,
				EF3AD0992A3C451300FE9764 /* Products */,
			);
			sourceTree = "<group>";
		};
		EF3AD0992A3C451300FE9764 /* Products */ = {
			isa = PBXGroup;
			children = (
				EF3AD0982A3C451300FE9764 /* VideoWithAsync.app */,
			);
			name = Products;
			sourceTree = "<group>";
		};
		EF3AD09A2A3C451300FE9764 /* VideoWithAsync */ = {
			isa = PBXGroup;
			children = (
				EF3AD0AF2A3C45F500FE9764 /* App */,
				EF3AD0AD2A3C45F100FE9764 /* Model */,
				EF3AD0AC2A3C45EF00FE9764 /* ViewModel */,
				EF3AD0A92A3C45DD00FE9764 /* Service */,
				EF3AD0AE2A3C45F300FE9764 /* View */,
				EF3AD09F2A3C451400FE9764 /* Assets.xcassets */,
				EF8ED7F42A3CC61A0077A287 /* GoogleService-Info.plist */,
				EF3AD0A12A3C451400FE9764 /* Preview Content */,
			);
			path = VideoWithAsync;
			sourceTree = "<group>";
		};
		EF3AD0A12A3C451400FE9764 /* Preview Content */ = {
			isa = PBXGroup;
			children = (
				EF3AD0A22A3C451400FE9764 /* Preview Assets.xcassets */,
			);
			path = "Preview Content";
			sourceTree = "<group>";
		};
		EF3AD0A92A3C45DD00FE9764 /* Service */ = {
			isa = PBXGroup;
			children = (
				EF8ED7F22A3C5DB00077A287 /* VideoUploader.swift */,
			);
			path = Service;
			sourceTree = "<group>";
		};
		EF3AD0AC2A3C45EF00FE9764 /* ViewModel */ = {
			isa = PBXGroup;
			children = (
				EF3AD0B12A3C48DD00FE9764 /* ContentViewModel.swift */,
			);
			path = ViewModel;
			sourceTree = "<group>";
		};
		EF3AD0AD2A3C45F100FE9764 /* Model */ = {
			isa = PBXGroup;
			children = (
				EF8ED7F62A3CCAED0077A287 /* Video.swift */,
			);
			path = Model;
			sourceTree = "<group>";
		};
		EF3AD0AE2A3C45F300FE9764 /* View */ = {
			isa = PBXGroup;
			children = (
				EF3AD09D2A3C451300FE9764 /* ContentView.swift */,
			);
			path = View;
			sourceTree = "<group>";
		};
		EF3AD0AF2A3C45F500FE9764 /* App */ = {
			isa = PBXGroup;
			children = (
				EF3AD09B2A3C451300FE9764 /* VideoWithAsyncApp.swift */,
			);
			path = App;
			sourceTree = "<group>";
		};
/* End PBXGroup section */

/* Begin PBXNativeTarget section */
		EF3AD0972A3C451300FE9764 /* VideoWithAsync */ = {
			isa = PBXNativeTarget;
			buildConfigurationList = EF3AD0A62A3C451400FE9764 /* Build configuration list for PBXNativeTarget "VideoWithAsync" */;
			buildPhases = (
				EF3AD0942A3C451300FE9764 /* Sources */,
				EF3AD0952A3C451300FE9764 /* Frameworks */,
				EF3AD0962A3C451300FE9764 /* Resources */,
			);
			buildRules = (
			);
			dependencies = (
			);
			name = VideoWithAsync;
			packageProductDependencies = (
				EF8ED7EC2A3C5B8E0077A287 /* FirebaseFirestore */,
				EF8ED7EE2A3C5B8E0077A287 /* FirebaseFirestoreSwift */,
				EF8ED7F02A3C5B8E0077A287 /* FirebaseStorage */,
			);
			productName = VideoWithAsync;
			productReference = EF3AD0982A3C451300FE9764 /* VideoWithAsync.app */;
			productType = "com.apple.product-type.application";
		};
/* End PBXNativeTarget section */

/* Begin PBXProject section */
		EF3AD0902A3C451300FE9764 /* Project object */ = {
			isa = PBXProject;
			attributes = {
				BuildIndependentTargetsInParallel = 1;
				LastSwiftUpdateCheck = 1410;
				LastUpgradeCheck = 1410;
				TargetAttributes = {
					EF3AD0972A3C451300FE9764 = {
						CreatedOnToolsVersion = 14.1;
					};
				};
			};
			buildConfigurationList = EF3AD0932A3C451300FE9764 /* Build configuration list for PBXProject "VideoWithAsync" */;
			compatibilityVersion = "Xcode 14.0";
			developmentRegion = en;
			hasScannedForEncodings = 0;
			knownRegions = (
				en,
				Base,
			);
			mainGroup = EF3AD08F2A3C451300FE9764;
			packageReferences = (
				EF8ED7EB2A3C5B8E0077A287 /* XCRemoteSwiftPackageReference "firebase-ios-sdk" */,
			);
			productRefGroup = EF3AD0992A3C451300FE9764 /* Products */;
			projectDirPath = "";
			projectRoot = "";
			targets = (
				EF3AD0972A3C451300FE9764 /* VideoWithAsync */,
			);
		};
/* End PBXProject section */

/* Begin PBXResourcesBuildPhase section */
		EF3AD0962A3C451300FE9764 /* Resources */ = {
			isa = PBXResourcesBuildPhase;
			buildActionMask = 2147483647;
			files = (
				EF3AD0A32A3C451400FE9764 /* Preview Assets.xcassets in Resources */,
				EF8ED7F52A3CC61A0077A287 /* GoogleService-Info.plist in Resources */,
				EF3AD0A02A3C451400FE9764 /* Assets.xcassets in Resources */,
			);
			runOnlyForDeploymentPostprocessing = 0;
		};
/* End PBXResourcesBuildPhase section */

/* Begin PBXSourcesBuildPhase section */
		EF3AD0942A3C451300FE9764 /* Sources */ = {
			isa = PBXSourcesBuildPhase;
			buildActionMask = 2147483647;
			files = (
				EF3AD09E2A3C451300FE9764 /* ContentView.swift in Sources */,
				EF8ED7F32A3C5DB00077A287 /* VideoUploader.swift in Sources */,
				EF3AD09C2A3C451300FE9764 /* VideoWithAsyncApp.swift in Sources */,
				EF3AD0B22A3C48DD00FE9764 /* ContentViewModel.swift in Sources */,
				EF8ED7F72A3CCAED0077A287 /* Video.swift in Sources */,
			);
			runOnlyForDeploymentPostprocessing = 0;
		};
/* End PBXSourcesBuildPhase section */

/* Begin XCBuildConfiguration section */
		EF3AD0A42A3C451400FE9764 /* Debug */ = {
			isa = XCBuildConfiguration;
			buildSettings = {
				ALWAYS_SEARCH_USER_PATHS = NO;
				CLANG_ANALYZER_NONNULL = YES;
				CLANG_ANALYZER_NUMBER_OBJECT_CONVERSION = YES_AGGRESSIVE;
				CLANG_CXX_LANGUAGE_STANDARD = "gnu++20";
				CLANG_ENABLE_MODULES = YES;
				CLANG_ENABLE_OBJC_ARC = YES;
				CLANG_ENABLE_OBJC_WEAK = YES;
				CLANG_WARN_BLOCK_CAPTURE_AUTORELEASING = YES;
				CLANG_WARN_BOOL_CONVERSION = YES;
				CLANG_WARN_COMMA = YES;
				CLANG_WARN_CONSTANT_CONVERSION = YES;
				CLANG_WARN_DEPRECATED_OBJC_IMPLEMENTATIONS = YES;
				CLANG_WARN_DIRECT_OBJC_ISA_USAGE = YES_ERROR;
				CLANG_WARN_DOCUMENTATION_COMMENTS = YES;
				CLANG_WARN_EMPTY_BODY = YES;
				CLANG_WARN_ENUM_CONVERSION = YES;
				CLANG_WARN_INFINITE_RECURSION = YES;
				CLANG_WARN_INT_CONVERSION = YES;
				CLANG_WARN_NON_LITERAL_NULL_CONVERSION = YES;
				CLANG_WARN_OBJC_IMPLICIT_RETAIN_SELF = YES;
				CLANG_WARN_OBJC_LITERAL_CONVERSION = YES;
				CLANG_WARN_OBJC_ROOT_CLASS = YES_ERROR;
				CLANG_WARN_QUOTED_INCLUDE_IN_FRAMEWORK_HEADER = YES;
				CLANG_WARN_RANGE_LOOP_ANALYSIS = YES;
				CLANG_WARN_STRICT_PROTOTYPES = YES;
				CLANG_WARN_SUSPICIOUS_MOVE = YES;
				CLANG_WARN_UNGUARDED_AVAILABILITY = YES_AGGRESSIVE;
				CLANG_WARN_UNREACHABLE_CODE = YES;
				CLANG_WARN__DUPLICATE_METHOD_MATCH = YES;
				COPY_PHASE_STRIP = NO;
				DEBUG_INFORMATION_FORMAT = dwarf;
				ENABLE_STRICT_OBJC_MSGSEND = YES;
				ENABLE_TESTABILITY = YES;
				GCC_C_LANGUAGE_STANDARD = gnu11;
				GCC_DYNAMIC_NO_PIC = NO;
				GCC_NO_COMMON_BLOCKS = YES;
				GCC_OPTIMIZATION_LEVEL = 0;
				GCC_PREPROCESSOR_DEFINITIONS = (
					"DEBUG=1",
					"$(inherited)",
				);
				GCC_WARN_64_TO_32_BIT_CONVERSION = YES;
				GCC_WARN_ABOUT_RETURN_TYPE = YES_ERROR;
				GCC_WARN_UNDECLARED_SELECTOR = YES;
				GCC_WARN_UNINITIALIZED_AUTOS = YES_AGGRESSIVE;
				GCC_WARN_UNUSED_FUNCTION = YES;
				GCC_WARN_UNUSED_VARIABLE = YES;
				IPHONEOS_DEPLOYMENT_TARGET = 16.1;
				MTL_ENABLE_DEBUG_INFO = INCLUDE_SOURCE;
				MTL_FAST_MATH = YES;
				ONLY_ACTIVE_ARCH = YES;
				SDKROOT = iphoneos;
				SWIFT_ACTIVE_COMPILATION_CONDITIONS = DEBUG;
				SWIFT_OPTIMIZATION_LEVEL = "-Onone";
			};
			name = Debug;
		};
		EF3AD0A52A3C451400FE9764 /* Release */ = {
			isa = XCBuildConfiguration;
			buildSettings = {
				ALWAYS_SEARCH_USER_PATHS = NO;
				CLANG_ANALYZER_NONNULL = YES;
				CLANG_ANALYZER_NUMBER_OBJECT_CONVERSION = YES_AGGRESSIVE;
				CLANG_CXX_LANGUAGE_STANDARD = "gnu++20";
				CLANG_ENABLE_MODULES = YES;
				CLANG_ENABLE_OBJC_ARC = YES;
				CLANG_ENABLE_OBJC_WEAK = YES;
				CLANG_WARN_BLOCK_CAPTURE_AUTORELEASING = YES;
				CLANG_WARN_BOOL_CONVERSION = YES;
				CLANG_WARN_COMMA = YES;
				CLANG_WARN_CONSTANT_CONVERSION = YES;
				CLANG_WARN_DEPRECATED_OBJC_IMPLEMENTATIONS = YES;
				CLANG_WARN_DIRECT_OBJC_ISA_USAGE = YES_ERROR;
				CLANG_WARN_DOCUMENTATION_COMMENTS = YES;
				CLANG_WARN_EMPTY_BODY = YES;
				CLANG_WARN_ENUM_CONVERSION = YES;
				CLANG_WARN_INFINITE_RECURSION = YES;
				CLANG_WARN_INT_CONVERSION = YES;
				CLANG_WARN_NON_LITERAL_NULL_CONVERSION = YES;
				CLANG_WARN_OBJC_IMPLICIT_RETAIN_SELF = YES;
				CLANG_WARN_OBJC_LITERAL_CONVERSION = YES;
				CLANG_WARN_OBJC_ROOT_CLASS = YES_ERROR;
				CLANG_WARN_QUOTED_INCLUDE_IN_FRAMEWORK_HEADER = YES;
				CLANG_WARN_RANGE_LOOP_ANALYSIS = YES;
				CLANG_WARN_STRICT_PROTOTYPES = YES;
				CLANG_WARN_SUSPICIOUS_MOVE = YES;
				CLANG_WARN_UNGUARDED_AVAILABILITY = YES_AGGRESSIVE;
				CLANG_WARN_UNREACHABLE_CODE = YES;
				CLANG_WARN__DUPLICATE_METHOD_MATCH = YES;
				COPY_PHASE_STRIP = NO;
				DEBUG_INFORMATION_FORMAT = "dwarf-with-dsym";
				ENABLE_NS_ASSERTIONS = NO;
				ENABLE_STRICT_OBJC_MSGSEND = YES;
				GCC_C_LANGUAGE_STANDARD = gnu11;
				GCC_NO_COMMON_BLOCKS = YES;
				GCC_WARN_64_TO_32_BIT_CONVERSION = YES;
				GCC_WARN_ABOUT_RETURN_TYPE = YES_ERROR;
				GCC_WARN_UNDECLARED_SELECTOR = YES;
				GCC_WARN_UNINITIALIZED_AUTOS = YES_AGGRESSIVE;
				GCC_WARN_UNUSED_FUNCTION = YES;
				GCC_WARN_UNUSED_VARIABLE = YES;
				IPHONEOS_DEPLOYMENT_TARGET = 16.1;
				MTL_ENABLE_DEBUG_INFO = NO;
				MTL_FAST_MATH = YES;
				SDKROOT = iphoneos;
				SWIFT_COMPILATION_MODE = wholemodule;
				SWIFT_OPTIMIZATION_LEVEL = "-O";
				VALIDATE_PRODUCT = YES;
			};
			name = Release;
		};
		EF3AD0A72A3C451400FE9764 /* Debug */ = {
			isa = XCBuildConfiguration;
			buildSettings = {
				ASSETCATALOG_COMPILER_APPICON_NAME = AppIcon;
				ASSETCATALOG_COMPILER_GLOBAL_ACCENT_COLOR_NAME = AccentColor;
				CODE_SIGN_STYLE = Automatic;
				CURRENT_PROJECT_VERSION = 1;
				DEVELOPMENT_ASSET_PATHS = "\"VideoWithAsync/Preview Content\"";
				DEVELOPMENT_TEAM = S483SZ3V87;
				ENABLE_PREVIEWS = YES;
				GENERATE_INFOPLIST_FILE = YES;
				INFOPLIST_KEY_UIApplicationSceneManifest_Generation = YES;
				INFOPLIST_KEY_UIApplicationSupportsIndirectInputEvents = YES;
				INFOPLIST_KEY_UILaunchScreen_Generation = YES;
				INFOPLIST_KEY_UISupportedInterfaceOrientations_iPad = "UIInterfaceOrientationPortrait UIInterfaceOrientationPortraitUpsideDown UIInterfaceOrientationLandscapeLeft UIInterfaceOrientationLandscapeRight";
				INFOPLIST_KEY_UISupportedInterfaceOrientations_iPhone = "UIInterfaceOrientationPortrait UIInterfaceOrientationLandscapeLeft UIInterfaceOrientationLandscapeRight";
				LD_RUNPATH_SEARCH_PATHS = (
					"$(inherited)",
					"@executable_path/Frameworks",
				);
				MARKETING_VERSION = 1.0;
				PRODUCT_BUNDLE_IDENTIFIER = com.1103.VideoWithAsync;
				PRODUCT_NAME = "$(TARGET_NAME)";
				SWIFT_EMIT_LOC_STRINGS = YES;
				SWIFT_VERSION = 5.0;
				TARGETED_DEVICE_FAMILY = "1,2";
			};
			name = Debug;
		};
		EF3AD0A82A3C451400FE9764 /* Release */ = {
			isa = XCBuildConfiguration;
			buildSettings = {
				ASSETCATALOG_COMPILER_APPICON_NAME = AppIcon;
				ASSETCATALOG_COMPILER_GLOBAL_ACCENT_COLOR_NAME = AccentColor;
				CODE_SIGN_STYLE = Automatic;
				CURRENT_PROJECT_VERSION = 1;
				DEVELOPMENT_ASSET_PATHS = "\"VideoWithAsync/Preview Content\"";
				DEVELOPMENT_TEAM = S483SZ3V87;
				ENABLE_PREVIEWS = YES;
				GENERATE_INFOPLIST_FILE = YES;
				INFOPLIST_KEY_UIApplicationSceneManifest_Generation = YES;
				INFOPLIST_KEY_UIApplicationSupportsIndirectInputEvents = YES;
				INFOPLIST_KEY_UILaunchScreen_Generation = YES;
				INFOPLIST_KEY_UISupportedInterfaceOrientations_iPad = "UIInterfaceOrientationPortrait UIInterfaceOrientationPortraitUpsideDown UIInterfaceOrientationLandscapeLeft UIInterfaceOrientationLandscapeRight";
				INFOPLIST_KEY_UISupportedInterfaceOrientations_iPhone = "UIInterfaceOrientationPortrait UIInterfaceOrientationLandscapeLeft UIInterfaceOrientationLandscapeRight";
				LD_RUNPATH_SEARCH_PATHS = (
					"$(inherited)",
					"@executable_path/Frameworks",
				);
				MARKETING_VERSION = 1.0;
				PRODUCT_BUNDLE_IDENTIFIER = com.1103.VideoWithAsync;
				PRODUCT_NAME = "$(TARGET_NAME)";
				SWIFT_EMIT_LOC_STRINGS = YES;
				SWIFT_VERSION = 5.0;
				TARGETED_DEVICE_FAMILY = "1,2";
			};
			name = Release;
		};
/* End XCBuildConfiguration section */

/* Begin XCConfigurationList section */
		EF3AD0932A3C451300FE9764 /* Build configuration list for PBXProject "VideoWithAsync" */ = {
			isa = XCConfigurationList;
			buildConfigurations = (
				EF3AD0A42A3C451400FE9764 /* Debug */,
				EF3AD0A52A3C451400FE9764 /* Release */,
			);
			defaultConfigurationIsVisible = 0;
			defaultConfigurationName = Release;
		};
		EF3AD0A62A3C451400FE9764 /* Build configuration list for PBXNativeTarget "VideoWithAsync" */ = {
			isa = XCConfigurationList;
			buildConfigurations = (
				EF3AD0A72A3C451400FE9764 /* Debug */,
				EF3AD0A82A3C451400FE9764 /* Release */,
			);
			defaultConfigurationIsVisible = 0;
			defaultConfigurationName = Release;
		};
/* End XCConfigurationList section */

/* Begin XCRemoteSwiftPackageReference section */
		EF8ED7EB2A3C5B8E0077A287 /* XCRemoteSwiftPackageReference "firebase-ios-sdk" */ = {
			isa = XCRemoteSwiftPackageReference;
			repositoryURL = "https://github.com/firebase/firebase-ios-sdk";
			requirement = {
				kind = upToNextMajorVersion;
				minimumVersion = 9.0.0;
			};
		};
/* End XCRemoteSwiftPackageReference section */

/* Begin XCSwiftPackageProductDependency section */
		EF8ED7EC2A3C5B8E0077A287 /* FirebaseFirestore */ = {
			isa = XCSwiftPackageProductDependency;
			package = EF8ED7EB2A3C5B8E0077A287 /* XCRemoteSwiftPackageReference "firebase-ios-sdk" */;
			productName = FirebaseFirestore;
		};
		EF8ED7EE2A3C5B8E0077A287 /* FirebaseFirestoreSwift */ = {
			isa = XCSwiftPackageProductDependency;
			package = EF8ED7EB2A3C5B8E0077A287 /* XCRemoteSwiftPackageReference "firebase-ios-sdk" */;
			productName = FirebaseFirestoreSwift;
		};
		EF8ED7F02A3C5B8E0077A287 /* FirebaseStorage */ = {
			isa = XCSwiftPackageProductDependency;
			package = EF8ED7EB2A3C5B8E0077A287 /* XCRemoteSwiftPackageReference "firebase-ios-sdk" */;
			productName = FirebaseStorage;
		};
/* End XCSwiftPackageProductDependency section */
	};
	rootObject = EF3AD0902A3C451300FE9764 /* Project object */;
}
